
Microsoft Visual Studio Solution File, Format Version 12.00
# Visual Studio Version 16
VisualStudioVersion = 16.0.30621.155
MinimumVisualStudioVersion = 10.0.40219.1
Project("{FAE04EC0-301F-11D3-BF4B-00C04F79EFBC}") = "GUI", "PharmacyManagement\GUI.csproj", "{792B8449-1A87-4128-93BA-E3713183DAA4}"
EndProject
Project("{FAE04EC0-301F-11D3-BF4B-00C04F79EFBC}") = "BUS", "BUS\BUS.csproj", "{09FF394A-6DF4-4EB4-A67B-333D3CBB83FF}"
EndProject
Project("{FAE04EC0-301F-11D3-BF4B-00C04F79EFBC}") = "DTO", "DTO\DTO.csproj", "{F49C7546-678F-4DAF-84FB-CD38BC0F6156}"
EndProject
Project("{FAE04EC0-301F-11D3-BF4B-00C04F79EFBC}") = "DAL", "DAL\DAL.csproj", "{DB15567F-9072-48E9-82BE-C26963D06858}"
EndProject
Global
	GlobalSection(SolutionConfigurationPlatforms) = preSolution
		Debug|Any CPU = Debug|Any CPU
		Release|Any CPU = Release|Any CPU
	EndGlobalSection
	GlobalSection(ProjectConfigurationPlatforms) = postSolution
		{792B8449-1A87-4128-93BA-E3713183DAA4}.Debug|Any CPU.ActiveCfg = Debug|Any CPU
		{792B8449-1A87-4128-93BA-E3713183DAA4}.Debug|Any CPU.Build.0 = Debug|Any CPU
		{792B8449-1A87-4128-93BA-E3713183DAA4}.Release|Any CPU.ActiveCfg = Release|Any CPU
		{792B8449-1A87-4128-93BA-E3713183DAA4}.Release|Any CPU.Build.0 = Release|Any CPU
		{09FF394A-6DF4-4EB4-A67B-333D3CBB83FF}.Debug|Any CPU.ActiveCfg = Debug|Any CPU
		{09FF394A-6DF4-4EB4-A67B-333D3CBB83FF}.Debug|Any CPU.Build.0 = Debug|Any CPU
		{09FF394A-6DF4-4EB4-A67B-333D3CBB83FF}.Release|Any CPU.ActiveCfg = Release|Any CPU
		{09FF394A-6DF4-4EB4-A67B-333D3CBB83FF}.Release|Any CPU.Build.0 = Release|Any CPU
		{F49C7546-678F-4DAF-84FB-CD38BC0F6156}.Debug|Any CPU.ActiveCfg = Debug|Any CPU
		{F49C7546-678F-4DAF-84FB-CD38BC0F6156}.Debug|Any CPU.Build.0 = Debug|Any CPU
		{F49C7546-678F-4DAF-84FB-CD38BC0F6156}.Release|Any CPU.ActiveCfg = Release|Any CPU
		{F49C7546-678F-4DAF-84FB-CD38BC0F6156}.Release|Any CPU.Build.0 = Release|Any CPU
		{DB15567F-9072-48E9-82BE-C26963D06858}.Debug|Any CPU.ActiveCfg = Debug|Any CPU
		{DB15567F-9072-48E9-82BE-C26963D06858}.Debug|Any CPU.Build.0 = Debug|Any CPU
		{DB15567F-9072-48E9-82BE-C26963D06858}.Release|Any CPU.ActiveCfg = Release|Any CPU
		{DB15567F-9072-48E9-82BE-C26963D06858}.Release|Any CPU.Build.0 = Release|Any CPU
	EndGlobalSection
	GlobalSection(SolutionProperties) = preSolution
		HideSolutionNode = FALSE
	EndGlobalSection
	GlobalSection(ExtensibilityGlobals) = postSolution
		SolutionGuid = {F62BC9A8-85DC-4CE3-8693-03F17CCE56E3}
	EndGlobalSection
EndGlobal
